
Microsoft Visual Studio Solution File, Format Version 12.00
# Visual Studio 15
VisualStudioVersion = 15.0.28010.2041
MinimumVisualStudioVersion = 10.0.40219.1
Project("{FAE04EC0-301F-11D3-BF4B-00C04F79EFBC}") = "TileEditor", "TileEditor\TileEditor.csproj", "{A3B4E840-CFC6-4F8A-96BA-AF1B7592355C}"
EndProject
Global
	GlobalSection(SolutionConfigurationPlatforms) = preSolution
		Debug|Any CPU = Debug|Any CPU
		Release|Any CPU = Release|Any CPU
	EndGlobalSection
	GlobalSection(ProjectConfigurationPlatforms) = postSolution
		{A3B4E840-CFC6-4F8A-96BA-AF1B7592355C}.Debug|Any CPU.ActiveCfg = Debug|Any CPU
		{A3B4E840-CFC6-4F8A-96BA-AF1B7592355C}.Debug|Any CPU.Build.0 = Debug|Any CPU
		{A3B4E840-CFC6-4F8A-96BA-AF1B7592355C}.Release|Any CPU.ActiveCfg = Release|Any CPU
		{A3B4E840-CFC6-4F8A-96BA-AF1B7592355C}.Release|Any CPU.Build.0 = Release|Any CPU
	EndGlobalSection
	GlobalSection(SolutionProperties) = preSolution
		HideSolutionNode = FALSE
	EndGlobalSection
	GlobalSection(ExtensibilityGlobals) = postSolution
		SolutionGuid = {0F2FAD69-5F2A-4B4D-8845-370C5C7D11A4}
	EndGlobalSection
EndGlobal
